
Microsoft Visual Studio Solution File, Format Version 12.00
# Visual Studio 2013
VisualStudioVersion = 12.0.31101.0
MinimumVisualStudioVersion = 10.0.40219.1
Project("{FAE04EC0-301F-11D3-BF4B-00C04F79EFBC}") = "TestJavaScript", "TestJavaScript\TestJavaScript.csproj", "{C03790DC-3379-4167-8488-C1578203AA0B}"
EndProject
Global
	GlobalSection(SolutionConfigurationPlatforms) = preSolution
		Debug|Any CPU = Debug|Any CPU
		Release|Any CPU = Release|Any CPU
	EndGlobalSection
	GlobalSection(ProjectConfigurationPlatforms) = postSolution
		{C03790DC-3379-4167-8488-C1578203AA0B}.Debug|Any CPU.ActiveCfg = Debug|Any CPU
		{C03790DC-3379-4167-8488-C1578203AA0B}.Debug|Any CPU.Build.0 = Debug|Any CPU
		{C03790DC-3379-4167-8488-C1578203AA0B}.Release|Any CPU.ActiveCfg = Release|Any CPU
		{C03790DC-3379-4167-8488-C1578203AA0B}.Release|Any CPU.Build.0 = Release|Any CPU
	EndGlobalSection
	GlobalSection(SolutionProperties) = preSolution
		HideSolutionNode = FALSE
	EndGlobalSection
EndGlobal
